// !$*UTF8*$!
{
	archiveVersion = 1;
	classes = {
	};
	objectVersion = 51;
	objects = {

/* Begin PBXBuildFile section */
		0BB57A4257C6A72E4D3CF5A4 /* Pods_Omicron.framework in Frameworks */ = {isa = PBXBuildFile; fileRef = C723D74196413AA0F7F3D7FE /* Pods_Omicron.framework */; };
		7C0017A824EF4D300025B17D /* LotsTableViewCell.swift in Sources */ = {isa = PBXBuildFile; fileRef = 7C0017A724EF4D300025B17D /* LotsTableViewCell.swift */; };
		7C0017AA24EFA8410025B17D /* LotsAvailableTableViewCell.swift in Sources */ = {isa = PBXBuildFile; fileRef = 7C0017A924EFA8410025B17D /* LotsAvailableTableViewCell.swift */; };
		7C0017AC24EFA8570025B17D /* LotsSelectedTableViewCell.swift in Sources */ = {isa = PBXBuildFile; fileRef = 7C0017AB24EFA8570025B17D /* LotsSelectedTableViewCell.swift */; };
		7C2401DE24D4970700E2D56C /* SF-Pro-Display-Bold.otf in Resources */ = {isa = PBXBuildFile; fileRef = 7C3074B324D4899F00FF2E0E /* SF-Pro-Display-Bold.otf */; };
		7C2401DF24D4972D00E2D56C /* SF-Pro-Display-Regular.otf in Resources */ = {isa = PBXBuildFile; fileRef = 7C3074B424D489F500FF2E0E /* SF-Pro-Display-Regular.otf */; };
		7C2401E024D497F800E2D56C /* SF-Pro-Display-Bold.otf in Resources */ = {isa = PBXBuildFile; fileRef = 7C3074B324D4899F00FF2E0E /* SF-Pro-Display-Bold.otf */; };
		7C2401E124D4980500E2D56C /* SF-Pro-Display-Bold.otf in Resources */ = {isa = PBXBuildFile; fileRef = 7C3074B324D4899F00FF2E0E /* SF-Pro-Display-Bold.otf */; };
		7C2401E224D4981500E2D56C /* SF-Pro-Display-Regular.otf in Resources */ = {isa = PBXBuildFile; fileRef = 7C3074B424D489F500FF2E0E /* SF-Pro-Display-Regular.otf */; };
		7C2401E324D4981500E2D56C /* SF-Pro-Display-Regular.otf in Resources */ = {isa = PBXBuildFile; fileRef = 7C3074B424D489F500FF2E0E /* SF-Pro-Display-Regular.otf */; };
		7C3A55CC24E76E0C001B627E /* CommentsViewController.swift in Sources */ = {isa = PBXBuildFile; fileRef = 7C3A55CB24E76E0C001B627E /* CommentsViewController.swift */; };
		7C41E6D524E1B61700B9033F /* orderDetail.json in Resources */ = {isa = PBXBuildFile; fileRef = 7C41E6D424E1B61700B9033F /* orderDetail.json */; };
		7C55E5C324D4A4A2008F7AED /* SF-Pro-Display-Medium.otf in Resources */ = {isa = PBXBuildFile; fileRef = 7C55E5C224D4A498008F7AED /* SF-Pro-Display-Medium.otf */; };
		7C55E5C424D4A4A2008F7AED /* SF-Pro-Display-Medium.otf in Resources */ = {isa = PBXBuildFile; fileRef = 7C55E5C224D4A498008F7AED /* SF-Pro-Display-Medium.otf */; };
		7C55E5C524D4A4A3008F7AED /* SF-Pro-Display-Medium.otf in Resources */ = {isa = PBXBuildFile; fileRef = 7C55E5C224D4A498008F7AED /* SF-Pro-Display-Medium.otf */; };
		7C56BDFA24EDCF6D0039B2E7 /* OrderDetailTest.swift in Sources */ = {isa = PBXBuildFile; fileRef = 7C56BDF924EDCF6D0039B2E7 /* OrderDetailTest.swift */; };
		7C56BDFC24EDD6720039B2E7 /* UtilsTest.swift in Sources */ = {isa = PBXBuildFile; fileRef = 7C56BDFB24EDD6720039B2E7 /* UtilsTest.swift */; };
		7C56BE0224EDE9900039B2E7 /* requestChangeStatusProcess.json in Resources */ = {isa = PBXBuildFile; fileRef = 7C56BE0124EDE9900039B2E7 /* requestChangeStatusProcess.json */; };
		7C5C6DA124E8F46C00662508 /* OrderDetailFormViewController.swift in Sources */ = {isa = PBXBuildFile; fileRef = 7C5C6DA024E8F46C00662508 /* OrderDetailFormViewController.swift */; };
		7C5C6DA324E8F48500662508 /* OrderDetailFormViewModel.swift in Sources */ = {isa = PBXBuildFile; fileRef = 7C5C6DA224E8F48500662508 /* OrderDetailFormViewModel.swift */; };
		7C5C6DA524E8F49900662508 /* OrderDetailFormModel.swift in Sources */ = {isa = PBXBuildFile; fileRef = 7C5C6DA424E8F49900662508 /* OrderDetailFormModel.swift */; };
		7C75C32E24DC6B4900CBA3C3 /* InboxTest.swift in Sources */ = {isa = PBXBuildFile; fileRef = 7C75C32D24DC6B4900CBA3C3 /* InboxTest.swift */; };
		7C75C33024DC77C800CBA3C3 /* RootView.swift in Sources */ = {isa = PBXBuildFile; fileRef = 7C75C32F24DC77C800CBA3C3 /* RootView.swift */; };
		7C8284A024F46FA30043ACE8 /* getLots.json in Resources */ = {isa = PBXBuildFile; fileRef = 7C82849F24F46FA30043ACE8 /* getLots.json */; };
		7C844BA524D0C3BB00D26B96 /* CardViewModel.swift in Sources */ = {isa = PBXBuildFile; fileRef = 7C844BA424D0C3BB00D26B96 /* CardViewModel.swift */; };
		7C844BAA24D27E5800D26B96 /* RootViewController.swift in Sources */ = {isa = PBXBuildFile; fileRef = 7C844BA924D27E5800D26B96 /* RootViewController.swift */; };
		7C844BAC24D2839400D26B96 /* RootViewModel.swift in Sources */ = {isa = PBXBuildFile; fileRef = 7C844BAB24D2839400D26B96 /* RootViewModel.swift */; };
		7C844BAE24D28B4F00D26B96 /* RootTableViewCell.swift in Sources */ = {isa = PBXBuildFile; fileRef = 7C844BAD24D28B4F00D26B96 /* RootTableViewCell.swift */; };
		7C844BB024D2A0FC00D26B96 /* RootModel.swift in Sources */ = {isa = PBXBuildFile; fileRef = 7C844BAF24D2A0FC00D26B96 /* RootModel.swift */; };
		7C844BB224D3BA5800D26B96 /* SplitViewController.swift in Sources */ = {isa = PBXBuildFile; fileRef = 7C844BB124D3BA5800D26B96 /* SplitViewController.swift */; };
		7C9118FB24EF1C8B00E2571A /* LotsViewController.swift in Sources */ = {isa = PBXBuildFile; fileRef = 7C9118FA24EF1C8B00E2571A /* LotsViewController.swift */; };
		7C9118FD24EF1CD900E2571A /* LotsViewModel.swift in Sources */ = {isa = PBXBuildFile; fileRef = 7C9118FC24EF1CD900E2571A /* LotsViewModel.swift */; };
		7C9118FF24EF1CF200E2571A /* LotsModel.swift in Sources */ = {isa = PBXBuildFile; fileRef = 7C9118FE24EF1CF200E2571A /* LotsModel.swift */; };
		7C980E0624E3245000D58A85 /* UserInfo.json in Resources */ = {isa = PBXBuildFile; fileRef = 7C980E0524E3244F00D58A85 /* UserInfo.json */; };
		7CA3058A24DB0ACF00A7D2B5 /* Status.json in Resources */ = {isa = PBXBuildFile; fileRef = 7CA3058924DB0ACF00A7D2B5 /* Status.json */; };
		7CB218DA24E79E870015951C /* CommentsViewModel.swift in Sources */ = {isa = PBXBuildFile; fileRef = 7CB218D924E79E870015951C /* CommentsViewModel.swift */; };
		7CB218DC24E79EC00015951C /* CommentsModel.swift in Sources */ = {isa = PBXBuildFile; fileRef = 7CB218DB24E79EC00015951C /* CommentsModel.swift */; };
		7CB6332224DDCBAE0055425C /* OrderDetailViewController.swift in Sources */ = {isa = PBXBuildFile; fileRef = 7CB6332124DDCBAE0055425C /* OrderDetailViewController.swift */; };
		7CB6332424DDCBC90055425C /* OrderDetailViewModel.swift in Sources */ = {isa = PBXBuildFile; fileRef = 7CB6332324DDCBC90055425C /* OrderDetailViewModel.swift */; };
		7CB6332624DDCBE70055425C /* OrderDetailModel.swift in Sources */ = {isa = PBXBuildFile; fileRef = 7CB6332524DDCBE70055425C /* OrderDetailModel.swift */; };
		7CB6332824DDEE3F0055425C /* Utils.swift in Sources */ = {isa = PBXBuildFile; fileRef = 7CB6332724DDEE3F0055425C /* Utils.swift */; };
		7CB6736024E1D51D0072F2F6 /* DetailTableViewCell.swift in Sources */ = {isa = PBXBuildFile; fileRef = 7CB6735E24E1D51D0072F2F6 /* DetailTableViewCell.swift */; };
		7CBA553C24CF8E9B00918C38 /* CardCollectionViewCell.swift in Sources */ = {isa = PBXBuildFile; fileRef = 7CBA553A24CF8E9B00918C38 /* CardCollectionViewCell.swift */; };
		7CBA553D24CF8E9B00918C38 /* CardCollectionViewCell.xib in Resources */ = {isa = PBXBuildFile; fileRef = 7CBA553B24CF8E9B00918C38 /* CardCollectionViewCell.xib */; };
		7CCC6A4824F880E200ACBBE8 /* FileManager.swift in Sources */ = {isa = PBXBuildFile; fileRef = 7CCC6A4724F880E200ACBBE8 /* FileManager.swift */; };
		7CE216D224CB9553005A7FED /* InboxViewController.swift in Sources */ = {isa = PBXBuildFile; fileRef = 7CE216D124CB9553005A7FED /* InboxViewController.swift */; };
		7CE216D424CB9576005A7FED /* InboxViewModel.swift in Sources */ = {isa = PBXBuildFile; fileRef = 7CE216D324CB9576005A7FED /* InboxViewModel.swift */; };
		7CE216D624CB9588005A7FED /* InboxModel.swift in Sources */ = {isa = PBXBuildFile; fileRef = 7CE216D524CB9588005A7FED /* InboxModel.swift */; };
		7CED3DA324DC0FBA00C52225 /* AlertManager.swift in Sources */ = {isa = PBXBuildFile; fileRef = 7CED3DA224DC0FBA00C52225 /* AlertManager.swift */; };
		7CF2EA3824F6C6330005602F /* SignaturePadViewController.swift in Sources */ = {isa = PBXBuildFile; fileRef = 7CF2EA3724F6C6330005602F /* SignaturePadViewController.swift */; };
		7CF2EA3A24F6C6500005602F /* SignaturePadViewModel.swift in Sources */ = {isa = PBXBuildFile; fileRef = 7CF2EA3924F6C6500005602F /* SignaturePadViewModel.swift */; };
		7CF2EA3C24F6C66B0005602F /* SignaturePadModel.swift in Sources */ = {isa = PBXBuildFile; fileRef = 7CF2EA3B24F6C66B0005602F /* SignaturePadModel.swift */; };
		98015CB024AFBC6C00E7772F /* AppDelegate.swift in Sources */ = {isa = PBXBuildFile; fileRef = 98015CAF24AFBC6C00E7772F /* AppDelegate.swift */; };
		98015CB224AFBC6C00E7772F /* SceneDelegate.swift in Sources */ = {isa = PBXBuildFile; fileRef = 98015CB124AFBC6C00E7772F /* SceneDelegate.swift */; };
		98015CB724AFBC6C00E7772F /* Main.storyboard in Resources */ = {isa = PBXBuildFile; fileRef = 98015CB524AFBC6C00E7772F /* Main.storyboard */; };
		98015CB924AFBC6D00E7772F /* Assets.xcassets in Resources */ = {isa = PBXBuildFile; fileRef = 98015CB824AFBC6D00E7772F /* Assets.xcassets */; };
		98015CBC24AFBC6D00E7772F /* LaunchScreen.storyboard in Resources */ = {isa = PBXBuildFile; fileRef = 98015CBA24AFBC6D00E7772F /* LaunchScreen.storyboard */; };
		98015CC724AFBC6D00E7772F /* LoginTest.swift in Sources */ = {isa = PBXBuildFile; fileRef = 98015CC624AFBC6D00E7772F /* LoginTest.swift */; };
		98015CD224AFBC6D00E7772F /* OmicronUITests.swift in Sources */ = {isa = PBXBuildFile; fileRef = 98015CD124AFBC6D00E7772F /* OmicronUITests.swift */; };
		980F234324DA11900073E2C8 /* refresh_token.json in Resources */ = {isa = PBXBuildFile; fileRef = 980F234224DA11900073E2C8 /* refresh_token.json */; };
		980F234524DA11AE0073E2C8 /* login.json in Resources */ = {isa = PBXBuildFile; fileRef = 980F234424DA11AE0073E2C8 /* login.json */; };
		98532B2F24B390A80015BBC6 /* loading.json in Resources */ = {isa = PBXBuildFile; fileRef = 98532B2E24B390A80015BBC6 /* loading.json */; };
		98532B3224B3933C0015BBC6 /* LottieManager.swift in Sources */ = {isa = PBXBuildFile; fileRef = 98532B3124B3933C0015BBC6 /* LottieManager.swift */; };
		986EA24725083BF200ACE26A /* ExtensionsUI.swift in Sources */ = {isa = PBXBuildFile; fileRef = 986EA24625083BF200ACE26A /* ExtensionsUI.swift */; };
		987BDFE02509869200D9C6E4 /* ComponentsViewController.swift in Sources */ = {isa = PBXBuildFile; fileRef = 987BDFDF2509869200D9C6E4 /* ComponentsViewController.swift */; };
		987BDFE22509869F00D9C6E4 /* ComponentsViewModel.swift in Sources */ = {isa = PBXBuildFile; fileRef = 987BDFE12509869F00D9C6E4 /* ComponentsViewModel.swift */; };
		987BDFE4250986A700D9C6E4 /* ComponentsModel.swift in Sources */ = {isa = PBXBuildFile; fileRef = 987BDFE3250986A700D9C6E4 /* ComponentsModel.swift */; };
		987BDFE6250A863500D9C6E4 /* getComponents.json in Resources */ = {isa = PBXBuildFile; fileRef = 987BDFE5250A863500D9C6E4 /* getComponents.json */; };
		989391D9250AE174004750D8 /* ComponentFormViewController.swift in Sources */ = {isa = PBXBuildFile; fileRef = 989391D8250AE174004750D8 /* ComponentFormViewController.swift */; };
		98B7845A24DA228A005A38FC /* Persistence.swift in Sources */ = {isa = PBXBuildFile; fileRef = 98B7845924DA228A005A38FC /* Persistence.swift */; };
		98C8C03124AFBD4100018A88 /* LoginViewModel.swift in Sources */ = {isa = PBXBuildFile; fileRef = 98C8C03024AFBD4100018A88 /* LoginViewModel.swift */; };
		98C8C03324AFBD4C00018A88 /* LoginViewController.swift in Sources */ = {isa = PBXBuildFile; fileRef = 98C8C03224AFBD4C00018A88 /* LoginViewController.swift */; };
		98C8C03524AFBD5900018A88 /* LoginModel.swift in Sources */ = {isa = PBXBuildFile; fileRef = 98C8C03424AFBD5900018A88 /* LoginModel.swift */; };
		98C8C03924AFCBE300018A88 /* ApiService.swift in Sources */ = {isa = PBXBuildFile; fileRef = 98C8C03824AFCBE300018A88 /* ApiService.swift */; };
		98C8C03C24AFCC7B00018A88 /* Constants.swift in Sources */ = {isa = PBXBuildFile; fileRef = 98C8C03B24AFCC7B00018A88 /* Constants.swift */; };
		98C8C03E24AFCC9200018A88 /* Config.swift in Sources */ = {isa = PBXBuildFile; fileRef = 98C8C03D24AFCC9200018A88 /* Config.swift */; };
		98C8C04024AFCE3500018A88 /* NetworkManager.swift in Sources */ = {isa = PBXBuildFile; fileRef = 98C8C03F24AFCE3500018A88 /* NetworkManager.swift */; };
		98C8C04224AFD2A600018A88 /* NetworkModel.swift in Sources */ = {isa = PBXBuildFile; fileRef = 98C8C04124AFD2A600018A88 /* NetworkModel.swift */; };
		AD48885678C7E912F0C60374 /* Pods_OmicronTests.framework in Frameworks */ = {isa = PBXBuildFile; fileRef = 7FB342D1D6AD96AF4C8DAA0E /* Pods_OmicronTests.framework */; };
		D354FDFD2F56BB55F8FCFA6D /* Pods_Omicron_OmicronUITests.framework in Frameworks */ = {isa = PBXBuildFile; fileRef = 66CFE978F9DF2A39DD96FC13 /* Pods_Omicron_OmicronUITests.framework */; };
/* End PBXBuildFile section */

/* Begin PBXContainerItemProxy section */
		98015CC324AFBC6D00E7772F /* PBXContainerItemProxy */ = {
			isa = PBXContainerItemProxy;
			containerPortal = 98015CA424AFBC6C00E7772F /* Project object */;
			proxyType = 1;
			remoteGlobalIDString = 98015CAB24AFBC6C00E7772F;
			remoteInfo = Omicron;
		};
		98015CCE24AFBC6D00E7772F /* PBXContainerItemProxy */ = {
			isa = PBXContainerItemProxy;
			containerPortal = 98015CA424AFBC6C00E7772F /* Project object */;
			proxyType = 1;
			remoteGlobalIDString = 98015CAB24AFBC6C00E7772F;
			remoteInfo = Omicron;
		};
/* End PBXContainerItemProxy section */

/* Begin PBXFileReference section */
		1321C32813E9F154A27FD4BA /* Pods-OmicronTests.debug.xcconfig */ = {isa = PBXFileReference; includeInIndex = 1; lastKnownFileType = text.xcconfig; name = "Pods-OmicronTests.debug.xcconfig"; path = "Target Support Files/Pods-OmicronTests/Pods-OmicronTests.debug.xcconfig"; sourceTree = "<group>"; };
		2CB66FAA4E49873A00418BE5 /* Pods-Omicron.release.xcconfig */ = {isa = PBXFileReference; includeInIndex = 1; lastKnownFileType = text.xcconfig; name = "Pods-Omicron.release.xcconfig"; path = "Target Support Files/Pods-Omicron/Pods-Omicron.release.xcconfig"; sourceTree = "<group>"; };
		35E12FEA2097927FED334FB3 /* Pods-Omicron-OmicronUITests.debug.xcconfig */ = {isa = PBXFileReference; includeInIndex = 1; lastKnownFileType = text.xcconfig; name = "Pods-Omicron-OmicronUITests.debug.xcconfig"; path = "Target Support Files/Pods-Omicron-OmicronUITests/Pods-Omicron-OmicronUITests.debug.xcconfig"; sourceTree = "<group>"; };
		53B53CFD0BD61DA9AE76207F /* Pods-Omicron-OmicronUITests.release.xcconfig */ = {isa = PBXFileReference; includeInIndex = 1; lastKnownFileType = text.xcconfig; name = "Pods-Omicron-OmicronUITests.release.xcconfig"; path = "Target Support Files/Pods-Omicron-OmicronUITests/Pods-Omicron-OmicronUITests.release.xcconfig"; sourceTree = "<group>"; };
		66CFE978F9DF2A39DD96FC13 /* Pods_Omicron_OmicronUITests.framework */ = {isa = PBXFileReference; explicitFileType = wrapper.framework; includeInIndex = 0; path = Pods_Omicron_OmicronUITests.framework; sourceTree = BUILT_PRODUCTS_DIR; };
		7C0017A724EF4D300025B17D /* LotsTableViewCell.swift */ = {isa = PBXFileReference; lastKnownFileType = sourcecode.swift; path = LotsTableViewCell.swift; sourceTree = "<group>"; };
		7C0017A924EFA8410025B17D /* LotsAvailableTableViewCell.swift */ = {isa = PBXFileReference; lastKnownFileType = sourcecode.swift; path = LotsAvailableTableViewCell.swift; sourceTree = "<group>"; };
		7C0017AB24EFA8570025B17D /* LotsSelectedTableViewCell.swift */ = {isa = PBXFileReference; lastKnownFileType = sourcecode.swift; path = LotsSelectedTableViewCell.swift; sourceTree = "<group>"; };
		7C3074B324D4899F00FF2E0E /* SF-Pro-Display-Bold.otf */ = {isa = PBXFileReference; lastKnownFileType = file; path = "SF-Pro-Display-Bold.otf"; sourceTree = "<group>"; };
		7C3074B424D489F500FF2E0E /* SF-Pro-Display-Regular.otf */ = {isa = PBXFileReference; lastKnownFileType = file; path = "SF-Pro-Display-Regular.otf"; sourceTree = "<group>"; };
		7C3A55CB24E76E0C001B627E /* CommentsViewController.swift */ = {isa = PBXFileReference; lastKnownFileType = sourcecode.swift; path = CommentsViewController.swift; sourceTree = "<group>"; };
		7C41E6D424E1B61700B9033F /* orderDetail.json */ = {isa = PBXFileReference; lastKnownFileType = text.json; path = orderDetail.json; sourceTree = "<group>"; };
		7C55E5C224D4A498008F7AED /* SF-Pro-Display-Medium.otf */ = {isa = PBXFileReference; lastKnownFileType = file; path = "SF-Pro-Display-Medium.otf"; sourceTree = "<group>"; };
		7C56BDF924EDCF6D0039B2E7 /* OrderDetailTest.swift */ = {isa = PBXFileReference; lastKnownFileType = sourcecode.swift; path = OrderDetailTest.swift; sourceTree = "<group>"; };
		7C56BDFB24EDD6720039B2E7 /* UtilsTest.swift */ = {isa = PBXFileReference; lastKnownFileType = sourcecode.swift; path = UtilsTest.swift; sourceTree = "<group>"; };
		7C56BE0124EDE9900039B2E7 /* requestChangeStatusProcess.json */ = {isa = PBXFileReference; lastKnownFileType = text.json; path = requestChangeStatusProcess.json; sourceTree = "<group>"; };
		7C5C6DA024E8F46C00662508 /* OrderDetailFormViewController.swift */ = {isa = PBXFileReference; lastKnownFileType = sourcecode.swift; path = OrderDetailFormViewController.swift; sourceTree = "<group>"; };
		7C5C6DA224E8F48500662508 /* OrderDetailFormViewModel.swift */ = {isa = PBXFileReference; lastKnownFileType = sourcecode.swift; path = OrderDetailFormViewModel.swift; sourceTree = "<group>"; };
		7C5C6DA424E8F49900662508 /* OrderDetailFormModel.swift */ = {isa = PBXFileReference; lastKnownFileType = sourcecode.swift; path = OrderDetailFormModel.swift; sourceTree = "<group>"; };
		7C75C32D24DC6B4900CBA3C3 /* InboxTest.swift */ = {isa = PBXFileReference; lastKnownFileType = sourcecode.swift; path = InboxTest.swift; sourceTree = "<group>"; };
		7C75C32F24DC77C800CBA3C3 /* RootView.swift */ = {isa = PBXFileReference; lastKnownFileType = sourcecode.swift; path = RootView.swift; sourceTree = "<group>"; };
		7C82849F24F46FA30043ACE8 /* getLots.json */ = {isa = PBXFileReference; lastKnownFileType = text.json; path = getLots.json; sourceTree = "<group>"; };
		7C844BA424D0C3BB00D26B96 /* CardViewModel.swift */ = {isa = PBXFileReference; lastKnownFileType = sourcecode.swift; path = CardViewModel.swift; sourceTree = "<group>"; };
		7C844BA924D27E5800D26B96 /* RootViewController.swift */ = {isa = PBXFileReference; lastKnownFileType = sourcecode.swift; path = RootViewController.swift; sourceTree = "<group>"; };
		7C844BAB24D2839400D26B96 /* RootViewModel.swift */ = {isa = PBXFileReference; lastKnownFileType = sourcecode.swift; path = RootViewModel.swift; sourceTree = "<group>"; };
		7C844BAD24D28B4F00D26B96 /* RootTableViewCell.swift */ = {isa = PBXFileReference; lastKnownFileType = sourcecode.swift; path = RootTableViewCell.swift; sourceTree = "<group>"; };
		7C844BAF24D2A0FC00D26B96 /* RootModel.swift */ = {isa = PBXFileReference; lastKnownFileType = sourcecode.swift; path = RootModel.swift; sourceTree = "<group>"; };
		7C844BB124D3BA5800D26B96 /* SplitViewController.swift */ = {isa = PBXFileReference; lastKnownFileType = sourcecode.swift; path = SplitViewController.swift; sourceTree = "<group>"; };
		7C9118FA24EF1C8B00E2571A /* LotsViewController.swift */ = {isa = PBXFileReference; lastKnownFileType = sourcecode.swift; path = LotsViewController.swift; sourceTree = "<group>"; };
		7C9118FC24EF1CD900E2571A /* LotsViewModel.swift */ = {isa = PBXFileReference; lastKnownFileType = sourcecode.swift; path = LotsViewModel.swift; sourceTree = "<group>"; };
		7C9118FE24EF1CF200E2571A /* LotsModel.swift */ = {isa = PBXFileReference; lastKnownFileType = sourcecode.swift; path = LotsModel.swift; sourceTree = "<group>"; };
		7C980E0524E3244F00D58A85 /* UserInfo.json */ = {isa = PBXFileReference; lastKnownFileType = text.json; path = UserInfo.json; sourceTree = "<group>"; };
		7CA3058924DB0ACF00A7D2B5 /* Status.json */ = {isa = PBXFileReference; lastKnownFileType = text.json; path = Status.json; sourceTree = "<group>"; };
		7CB218D924E79E870015951C /* CommentsViewModel.swift */ = {isa = PBXFileReference; lastKnownFileType = sourcecode.swift; path = CommentsViewModel.swift; sourceTree = "<group>"; };
		7CB218DB24E79EC00015951C /* CommentsModel.swift */ = {isa = PBXFileReference; lastKnownFileType = sourcecode.swift; path = CommentsModel.swift; sourceTree = "<group>"; };
		7CB6332124DDCBAE0055425C /* OrderDetailViewController.swift */ = {isa = PBXFileReference; lastKnownFileType = sourcecode.swift; path = OrderDetailViewController.swift; sourceTree = "<group>"; };
		7CB6332324DDCBC90055425C /* OrderDetailViewModel.swift */ = {isa = PBXFileReference; lastKnownFileType = sourcecode.swift; path = OrderDetailViewModel.swift; sourceTree = "<group>"; };
		7CB6332524DDCBE70055425C /* OrderDetailModel.swift */ = {isa = PBXFileReference; lastKnownFileType = sourcecode.swift; path = OrderDetailModel.swift; sourceTree = "<group>"; };
		7CB6332724DDEE3F0055425C /* Utils.swift */ = {isa = PBXFileReference; lastKnownFileType = sourcecode.swift; path = Utils.swift; sourceTree = "<group>"; };
		7CB6735E24E1D51D0072F2F6 /* DetailTableViewCell.swift */ = {isa = PBXFileReference; lastKnownFileType = sourcecode.swift; path = DetailTableViewCell.swift; sourceTree = "<group>"; };
		7CBA553A24CF8E9B00918C38 /* CardCollectionViewCell.swift */ = {isa = PBXFileReference; lastKnownFileType = sourcecode.swift; path = CardCollectionViewCell.swift; sourceTree = "<group>"; };
		7CBA553B24CF8E9B00918C38 /* CardCollectionViewCell.xib */ = {isa = PBXFileReference; lastKnownFileType = file.xib; path = CardCollectionViewCell.xib; sourceTree = "<group>"; };
		7CCC6A4724F880E200ACBBE8 /* FileManager.swift */ = {isa = PBXFileReference; lastKnownFileType = sourcecode.swift; path = FileManager.swift; sourceTree = "<group>"; };
		7CE216D124CB9553005A7FED /* InboxViewController.swift */ = {isa = PBXFileReference; lastKnownFileType = sourcecode.swift; path = InboxViewController.swift; sourceTree = "<group>"; };
		7CE216D324CB9576005A7FED /* InboxViewModel.swift */ = {isa = PBXFileReference; lastKnownFileType = sourcecode.swift; path = InboxViewModel.swift; sourceTree = "<group>"; };
		7CE216D524CB9588005A7FED /* InboxModel.swift */ = {isa = PBXFileReference; lastKnownFileType = sourcecode.swift; path = InboxModel.swift; sourceTree = "<group>"; };
		7CED3DA224DC0FBA00C52225 /* AlertManager.swift */ = {isa = PBXFileReference; lastKnownFileType = sourcecode.swift; path = AlertManager.swift; sourceTree = "<group>"; };
		7CF2EA3724F6C6330005602F /* SignaturePadViewController.swift */ = {isa = PBXFileReference; lastKnownFileType = sourcecode.swift; path = SignaturePadViewController.swift; sourceTree = "<group>"; };
		7CF2EA3924F6C6500005602F /* SignaturePadViewModel.swift */ = {isa = PBXFileReference; lastKnownFileType = sourcecode.swift; path = SignaturePadViewModel.swift; sourceTree = "<group>"; };
		7CF2EA3B24F6C66B0005602F /* SignaturePadModel.swift */ = {isa = PBXFileReference; lastKnownFileType = sourcecode.swift; path = SignaturePadModel.swift; sourceTree = "<group>"; };
		7FB342D1D6AD96AF4C8DAA0E /* Pods_OmicronTests.framework */ = {isa = PBXFileReference; explicitFileType = wrapper.framework; includeInIndex = 0; path = Pods_OmicronTests.framework; sourceTree = BUILT_PRODUCTS_DIR; };
		98015CAC24AFBC6C00E7772F /* Omicron.app */ = {isa = PBXFileReference; explicitFileType = wrapper.application; includeInIndex = 0; path = Omicron.app; sourceTree = BUILT_PRODUCTS_DIR; };
		98015CAF24AFBC6C00E7772F /* AppDelegate.swift */ = {isa = PBXFileReference; lastKnownFileType = sourcecode.swift; path = AppDelegate.swift; sourceTree = "<group>"; };
		98015CB124AFBC6C00E7772F /* SceneDelegate.swift */ = {isa = PBXFileReference; lastKnownFileType = sourcecode.swift; path = SceneDelegate.swift; sourceTree = "<group>"; };
		98015CB624AFBC6C00E7772F /* Base */ = {isa = PBXFileReference; lastKnownFileType = file.storyboard; name = Base; path = Base.lproj/Main.storyboard; sourceTree = "<group>"; };
		98015CB824AFBC6D00E7772F /* Assets.xcassets */ = {isa = PBXFileReference; lastKnownFileType = folder.assetcatalog; path = Assets.xcassets; sourceTree = "<group>"; };
		98015CBB24AFBC6D00E7772F /* Base */ = {isa = PBXFileReference; lastKnownFileType = file.storyboard; name = Base; path = Base.lproj/LaunchScreen.storyboard; sourceTree = "<group>"; };
		98015CBD24AFBC6D00E7772F /* Info.plist */ = {isa = PBXFileReference; lastKnownFileType = text.plist.xml; path = Info.plist; sourceTree = "<group>"; };
		98015CC224AFBC6D00E7772F /* OmicronTests.xctest */ = {isa = PBXFileReference; explicitFileType = wrapper.cfbundle; includeInIndex = 0; path = OmicronTests.xctest; sourceTree = BUILT_PRODUCTS_DIR; };
		98015CC624AFBC6D00E7772F /* LoginTest.swift */ = {isa = PBXFileReference; lastKnownFileType = sourcecode.swift; path = LoginTest.swift; sourceTree = "<group>"; };
		98015CC824AFBC6D00E7772F /* Info.plist */ = {isa = PBXFileReference; lastKnownFileType = text.plist.xml; path = Info.plist; sourceTree = "<group>"; };
		98015CCD24AFBC6D00E7772F /* OmicronUITests.xctest */ = {isa = PBXFileReference; explicitFileType = wrapper.cfbundle; includeInIndex = 0; path = OmicronUITests.xctest; sourceTree = BUILT_PRODUCTS_DIR; };
		98015CD124AFBC6D00E7772F /* OmicronUITests.swift */ = {isa = PBXFileReference; lastKnownFileType = sourcecode.swift; path = OmicronUITests.swift; sourceTree = "<group>"; };
		98015CD324AFBC6D00E7772F /* Info.plist */ = {isa = PBXFileReference; lastKnownFileType = text.plist.xml; path = Info.plist; sourceTree = "<group>"; };
		980F234224DA11900073E2C8 /* refresh_token.json */ = {isa = PBXFileReference; lastKnownFileType = text.json; path = refresh_token.json; sourceTree = "<group>"; };
		980F234424DA11AE0073E2C8 /* login.json */ = {isa = PBXFileReference; lastKnownFileType = text.json; path = login.json; sourceTree = "<group>"; };
		98532B2E24B390A80015BBC6 /* loading.json */ = {isa = PBXFileReference; fileEncoding = 4; lastKnownFileType = text.json; path = loading.json; sourceTree = "<group>"; };
		98532B3124B3933C0015BBC6 /* LottieManager.swift */ = {isa = PBXFileReference; lastKnownFileType = sourcecode.swift; path = LottieManager.swift; sourceTree = "<group>"; };
		986EA24625083BF200ACE26A /* ExtensionsUI.swift */ = {isa = PBXFileReference; lastKnownFileType = sourcecode.swift; path = ExtensionsUI.swift; sourceTree = "<group>"; };
		987BDFDF2509869200D9C6E4 /* ComponentsViewController.swift */ = {isa = PBXFileReference; lastKnownFileType = sourcecode.swift; path = ComponentsViewController.swift; sourceTree = "<group>"; };
		987BDFE12509869F00D9C6E4 /* ComponentsViewModel.swift */ = {isa = PBXFileReference; lastKnownFileType = sourcecode.swift; path = ComponentsViewModel.swift; sourceTree = "<group>"; };
		987BDFE3250986A700D9C6E4 /* ComponentsModel.swift */ = {isa = PBXFileReference; lastKnownFileType = sourcecode.swift; path = ComponentsModel.swift; sourceTree = "<group>"; };
		987BDFE5250A863500D9C6E4 /* getComponents.json */ = {isa = PBXFileReference; lastKnownFileType = text.json; path = getComponents.json; sourceTree = "<group>"; };
		989391D8250AE174004750D8 /* ComponentFormViewController.swift */ = {isa = PBXFileReference; lastKnownFileType = sourcecode.swift; path = ComponentFormViewController.swift; sourceTree = "<group>"; };
		98B7845924DA228A005A38FC /* Persistence.swift */ = {isa = PBXFileReference; lastKnownFileType = sourcecode.swift; path = Persistence.swift; sourceTree = "<group>"; };
		98C8C03024AFBD4100018A88 /* LoginViewModel.swift */ = {isa = PBXFileReference; lastKnownFileType = sourcecode.swift; path = LoginViewModel.swift; sourceTree = "<group>"; };
		98C8C03224AFBD4C00018A88 /* LoginViewController.swift */ = {isa = PBXFileReference; lastKnownFileType = sourcecode.swift; path = LoginViewController.swift; sourceTree = "<group>"; };
		98C8C03424AFBD5900018A88 /* LoginModel.swift */ = {isa = PBXFileReference; lastKnownFileType = sourcecode.swift; path = LoginModel.swift; sourceTree = "<group>"; };
		98C8C03824AFCBE300018A88 /* ApiService.swift */ = {isa = PBXFileReference; lastKnownFileType = sourcecode.swift; path = ApiService.swift; sourceTree = "<group>"; };
		98C8C03B24AFCC7B00018A88 /* Constants.swift */ = {isa = PBXFileReference; lastKnownFileType = sourcecode.swift; path = Constants.swift; sourceTree = "<group>"; };
		98C8C03D24AFCC9200018A88 /* Config.swift */ = {isa = PBXFileReference; lastKnownFileType = sourcecode.swift; path = Config.swift; sourceTree = "<group>"; };
		98C8C03F24AFCE3500018A88 /* NetworkManager.swift */ = {isa = PBXFileReference; lastKnownFileType = sourcecode.swift; path = NetworkManager.swift; sourceTree = "<group>"; };
		98C8C04124AFD2A600018A88 /* NetworkModel.swift */ = {isa = PBXFileReference; lastKnownFileType = sourcecode.swift; path = NetworkModel.swift; sourceTree = "<group>"; };
		C723D74196413AA0F7F3D7FE /* Pods_Omicron.framework */ = {isa = PBXFileReference; explicitFileType = wrapper.framework; includeInIndex = 0; path = Pods_Omicron.framework; sourceTree = BUILT_PRODUCTS_DIR; };
		DDD0E5DA09C7E1BCDA531700 /* Pods-Omicron.debug.xcconfig */ = {isa = PBXFileReference; includeInIndex = 1; lastKnownFileType = text.xcconfig; name = "Pods-Omicron.debug.xcconfig"; path = "Target Support Files/Pods-Omicron/Pods-Omicron.debug.xcconfig"; sourceTree = "<group>"; };
		E9A40823AC4FB25AE1D8601D /* Pods-OmicronTests.release.xcconfig */ = {isa = PBXFileReference; includeInIndex = 1; lastKnownFileType = text.xcconfig; name = "Pods-OmicronTests.release.xcconfig"; path = "Target Support Files/Pods-OmicronTests/Pods-OmicronTests.release.xcconfig"; sourceTree = "<group>"; };
/* End PBXFileReference section */

/* Begin PBXFrameworksBuildPhase section */
		98015CA924AFBC6C00E7772F /* Frameworks */ = {
			isa = PBXFrameworksBuildPhase;
			buildActionMask = 2147483647;
			files = (
				0BB57A4257C6A72E4D3CF5A4 /* Pods_Omicron.framework in Frameworks */,
			);
			runOnlyForDeploymentPostprocessing = 0;
		};
		98015CBF24AFBC6D00E7772F /* Frameworks */ = {
			isa = PBXFrameworksBuildPhase;
			buildActionMask = 2147483647;
			files = (
				AD48885678C7E912F0C60374 /* Pods_OmicronTests.framework in Frameworks */,
			);
			runOnlyForDeploymentPostprocessing = 0;
		};
		98015CCA24AFBC6D00E7772F /* Frameworks */ = {
			isa = PBXFrameworksBuildPhase;
			buildActionMask = 2147483647;
			files = (
				D354FDFD2F56BB55F8FCFA6D /* Pods_Omicron_OmicronUITests.framework in Frameworks */,
			);
			runOnlyForDeploymentPostprocessing = 0;
		};
/* End PBXFrameworksBuildPhase section */

/* Begin PBXGroup section */
		71F4FDF4DE06818D4C96C7A4 /* Pods */ = {
			isa = PBXGroup;
			children = (
				DDD0E5DA09C7E1BCDA531700 /* Pods-Omicron.debug.xcconfig */,
				2CB66FAA4E49873A00418BE5 /* Pods-Omicron.release.xcconfig */,
				35E12FEA2097927FED334FB3 /* Pods-Omicron-OmicronUITests.debug.xcconfig */,
				53B53CFD0BD61DA9AE76207F /* Pods-Omicron-OmicronUITests.release.xcconfig */,
				1321C32813E9F154A27FD4BA /* Pods-OmicronTests.debug.xcconfig */,
				E9A40823AC4FB25AE1D8601D /* Pods-OmicronTests.release.xcconfig */,
			);
			path = Pods;
			sourceTree = "<group>";
		};
		7C0017A624EF4CE30025B17D /* Custom Cell */ = {
			isa = PBXGroup;
			children = (
				7C0017A724EF4D300025B17D /* LotsTableViewCell.swift */,
				7C0017A924EFA8410025B17D /* LotsAvailableTableViewCell.swift */,
				7C0017AB24EFA8570025B17D /* LotsSelectedTableViewCell.swift */,
			);
			path = "Custom Cell";
			sourceTree = "<group>";
		};
		7C3A55CA24E76DC2001B627E /* Comments */ = {
			isa = PBXGroup;
			children = (
				7C3A55CB24E76E0C001B627E /* CommentsViewController.swift */,
				7CB218D924E79E870015951C /* CommentsViewModel.swift */,
				7CB218DB24E79EC00015951C /* CommentsModel.swift */,
			);
			path = Comments;
			sourceTree = "<group>";
		};
		7C52115F24D4816D0052B2F5 /* Fonts */ = {
			isa = PBXGroup;
			children = (
				7C3074B324D4899F00FF2E0E /* SF-Pro-Display-Bold.otf */,
				7C3074B424D489F500FF2E0E /* SF-Pro-Display-Regular.otf */,
				7C55E5C224D4A498008F7AED /* SF-Pro-Display-Medium.otf */,
			);
			path = Fonts;
			sourceTree = "<group>";
		};
		7C5C6D9F24E8F43700662508 /* OrderDetailForm */ = {
			isa = PBXGroup;
			children = (
				7C5C6DA024E8F46C00662508 /* OrderDetailFormViewController.swift */,
				7C5C6DA224E8F48500662508 /* OrderDetailFormViewModel.swift */,
				7C5C6DA424E8F49900662508 /* OrderDetailFormModel.swift */,
			);
			path = OrderDetailForm;
			sourceTree = "<group>";
		};
		7C844BA824D27E1B00D26B96 /* RootView */ = {
			isa = PBXGroup;
			children = (
				7C844BA924D27E5800D26B96 /* RootViewController.swift */,
				7C844BAB24D2839400D26B96 /* RootViewModel.swift */,
				7C844BAD24D28B4F00D26B96 /* RootTableViewCell.swift */,
				7C844BAF24D2A0FC00D26B96 /* RootModel.swift */,
			);
			path = RootView;
			sourceTree = "<group>";
		};
		7C9118F924EF1C5300E2571A /* Lots */ = {
			isa = PBXGroup;
			children = (
				7C0017A624EF4CE30025B17D /* Custom Cell */,
				7C9118FA24EF1C8B00E2571A /* LotsViewController.swift */,
				7C9118FC24EF1CD900E2571A /* LotsViewModel.swift */,
				7C9118FE24EF1CF200E2571A /* LotsModel.swift */,
			);
			path = Lots;
			sourceTree = "<group>";
		};
		7CB6332024DDCB6D0055425C /* OrderDetail */ = {
			isa = PBXGroup;
			children = (
				7CB6735D24E1D4D60072F2F6 /* CustomCell */,
				7CB6332124DDCBAE0055425C /* OrderDetailViewController.swift */,
				7CB6332324DDCBC90055425C /* OrderDetailViewModel.swift */,
				7CB6332524DDCBE70055425C /* OrderDetailModel.swift */,
			);
			path = OrderDetail;
			sourceTree = "<group>";
		};
		7CB6735D24E1D4D60072F2F6 /* CustomCell */ = {
			isa = PBXGroup;
			children = (
				7CB6735E24E1D51D0072F2F6 /* DetailTableViewCell.swift */,
			);
			path = CustomCell;
			sourceTree = "<group>";
		};
		7CBA553924CF8E5400918C38 /* Card */ = {
			isa = PBXGroup;
			children = (
				7CBA553A24CF8E9B00918C38 /* CardCollectionViewCell.swift */,
				7CBA553B24CF8E9B00918C38 /* CardCollectionViewCell.xib */,
				7C844BA424D0C3BB00D26B96 /* CardViewModel.swift */,
			);
			path = Card;
			sourceTree = "<group>";
		};
		7CE2C2A924CA03ED00517BD7 /* Inbox */ = {
			isa = PBXGroup;
			children = (
				7C844BA824D27E1B00D26B96 /* RootView */,
				7CBA553924CF8E5400918C38 /* Card */,
				7CE216D124CB9553005A7FED /* InboxViewController.swift */,
				7CE216D324CB9576005A7FED /* InboxViewModel.swift */,
				7CE216D524CB9588005A7FED /* InboxModel.swift */,
				7C844BB124D3BA5800D26B96 /* SplitViewController.swift */,
			);
			path = Inbox;
			sourceTree = "<group>";
		};
		7CF2EA3624F6C5DD0005602F /* SignaturePad */ = {
			isa = PBXGroup;
			children = (
				7CF2EA3724F6C6330005602F /* SignaturePadViewController.swift */,
				7CF2EA3924F6C6500005602F /* SignaturePadViewModel.swift */,
				7CF2EA3B24F6C66B0005602F /* SignaturePadModel.swift */,
			);
			path = SignaturePad;
			sourceTree = "<group>";
		};
		98015CA324AFBC6C00E7772F = {
			isa = PBXGroup;
			children = (
				98015CAE24AFBC6C00E7772F /* Omicron */,
				98015CC524AFBC6D00E7772F /* OmicronTests */,
				98015CD024AFBC6D00E7772F /* OmicronUITests */,
				98015CAD24AFBC6C00E7772F /* Products */,
				71F4FDF4DE06818D4C96C7A4 /* Pods */,
				FC4BAF8DA54C64F305DE9861 /* Frameworks */,
			);
			sourceTree = "<group>";
		};
		98015CAD24AFBC6C00E7772F /* Products */ = {
			isa = PBXGroup;
			children = (
				98015CAC24AFBC6C00E7772F /* Omicron.app */,
				98015CC224AFBC6D00E7772F /* OmicronTests.xctest */,
				98015CCD24AFBC6D00E7772F /* OmicronUITests.xctest */,
			);
			name = Products;
			sourceTree = "<group>";
		};
		98015CAE24AFBC6C00E7772F /* Omicron */ = {
			isa = PBXGroup;
			children = (
				98532B2C24B390870015BBC6 /* Assets */,
				98532B3024B393240015BBC6 /* Utilities */,
				98C8C03A24AFCC7100018A88 /* Common */,
				98C8C03724AFCBAA00018A88 /* Network */,
				98C8C03624AFCB9800018A88 /* Screens */,
				98015CAF24AFBC6C00E7772F /* AppDelegate.swift */,
				98015CB124AFBC6C00E7772F /* SceneDelegate.swift */,
				98015CB524AFBC6C00E7772F /* Main.storyboard */,
				98015CBA24AFBC6D00E7772F /* LaunchScreen.storyboard */,
				98015CBD24AFBC6D00E7772F /* Info.plist */,
			);
			path = Omicron;
			sourceTree = "<group>";
		};
		98015CC524AFBC6D00E7772F /* OmicronTests */ = {
			isa = PBXGroup;
			children = (
				98015CC624AFBC6D00E7772F /* LoginTest.swift */,
				7C75C32D24DC6B4900CBA3C3 /* InboxTest.swift */,
				7C75C32F24DC77C800CBA3C3 /* RootView.swift */,
				98015CC824AFBC6D00E7772F /* Info.plist */,
				7C56BDF924EDCF6D0039B2E7 /* OrderDetailTest.swift */,
				7C56BDFB24EDD6720039B2E7 /* UtilsTest.swift */,
			);
			path = OmicronTests;
			sourceTree = "<group>";
		};
		98015CD024AFBC6D00E7772F /* OmicronUITests */ = {
			isa = PBXGroup;
			children = (
				98015CD124AFBC6D00E7772F /* OmicronUITests.swift */,
				98015CD324AFBC6D00E7772F /* Info.plist */,
			);
			path = OmicronUITests;
			sourceTree = "<group>";
		};
		980F234124DA115E0073E2C8 /* Mocks */ = {
			isa = PBXGroup;
			children = (
				980F234224DA11900073E2C8 /* refresh_token.json */,
				980F234424DA11AE0073E2C8 /* login.json */,
				7CA3058924DB0ACF00A7D2B5 /* Status.json */,
				7C41E6D424E1B61700B9033F /* orderDetail.json */,
				7C980E0524E3244F00D58A85 /* UserInfo.json */,
				7C56BE0124EDE9900039B2E7 /* requestChangeStatusProcess.json */,
				7C82849F24F46FA30043ACE8 /* getLots.json */,
				987BDFE5250A863500D9C6E4 /* getComponents.json */,
			);
			path = Mocks;
			sourceTree = "<group>";
		};
		98532B2C24B390870015BBC6 /* Assets */ = {
			isa = PBXGroup;
			children = (
				980F234124DA115E0073E2C8 /* Mocks */,
				7C52115F24D4816D0052B2F5 /* Fonts */,
				98532B2D24B390900015BBC6 /* Lottie */,
				98015CB824AFBC6D00E7772F /* Assets.xcassets */,
			);
			path = Assets;
			sourceTree = "<group>";
		};
		98532B2D24B390900015BBC6 /* Lottie */ = {
			isa = PBXGroup;
			children = (
				98532B2E24B390A80015BBC6 /* loading.json */,
			);
			path = Lottie;
			sourceTree = "<group>";
		};
		98532B3024B393240015BBC6 /* Utilities */ = {
			isa = PBXGroup;
			children = (
				98532B3124B3933C0015BBC6 /* LottieManager.swift */,
				7CED3DA224DC0FBA00C52225 /* AlertManager.swift */,
				7CB6332724DDEE3F0055425C /* Utils.swift */,
			);
			path = Utilities;
			sourceTree = "<group>";
		};
		987BDFDE2509867200D9C6E4 /* Components */ = {
			isa = PBXGroup;
			children = (
				987BDFDF2509869200D9C6E4 /* ComponentsViewController.swift */,
				987BDFE12509869F00D9C6E4 /* ComponentsViewModel.swift */,
				987BDFE3250986A700D9C6E4 /* ComponentsModel.swift */,
				989391D8250AE174004750D8 /* ComponentFormViewController.swift */,
			);
			path = Components;
			sourceTree = "<group>";
		};
		98C8C02F24AFBD3000018A88 /* Login */ = {
			isa = PBXGroup;
			children = (
				98C8C03424AFBD5900018A88 /* LoginModel.swift */,
				98C8C03024AFBD4100018A88 /* LoginViewModel.swift */,
				98C8C03224AFBD4C00018A88 /* LoginViewController.swift */,
			);
			path = Login;
			sourceTree = "<group>";
		};
		98C8C03624AFCB9800018A88 /* Screens */ = {
			isa = PBXGroup;
			children = (
				987BDFDE2509867200D9C6E4 /* Components */,
				7CF2EA3624F6C5DD0005602F /* SignaturePad */,
				7C9118F924EF1C5300E2571A /* Lots */,
				7C5C6D9F24E8F43700662508 /* OrderDetailForm */,
				7C3A55CA24E76DC2001B627E /* Comments */,
				7CB6332024DDCB6D0055425C /* OrderDetail */,
				7CE2C2A924CA03ED00517BD7 /* Inbox */,
				98C8C02F24AFBD3000018A88 /* Login */,
			);
			path = Screens;
			sourceTree = "<group>";
		};
		98C8C03724AFCBAA00018A88 /* Network */ = {
			isa = PBXGroup;
			children = (
				98C8C03824AFCBE300018A88 /* ApiService.swift */,
				98C8C03F24AFCE3500018A88 /* NetworkManager.swift */,
				98C8C04124AFD2A600018A88 /* NetworkModel.swift */,
			);
			path = Network;
			sourceTree = "<group>";
		};
		98C8C03A24AFCC7100018A88 /* Common */ = {
			isa = PBXGroup;
			children = (
				98C8C03B24AFCC7B00018A88 /* Constants.swift */,
				98C8C03D24AFCC9200018A88 /* Config.swift */,
				98B7845924DA228A005A38FC /* Persistence.swift */,
				7CCC6A4724F880E200ACBBE8 /* FileManager.swift */,
				986EA24625083BF200ACE26A /* ExtensionsUI.swift */,
			);
			path = Common;
			sourceTree = "<group>";
		};
		FC4BAF8DA54C64F305DE9861 /* Frameworks */ = {
			isa = PBXGroup;
			children = (
				C723D74196413AA0F7F3D7FE /* Pods_Omicron.framework */,
				66CFE978F9DF2A39DD96FC13 /* Pods_Omicron_OmicronUITests.framework */,
				7FB342D1D6AD96AF4C8DAA0E /* Pods_OmicronTests.framework */,
			);
			name = Frameworks;
			sourceTree = "<group>";
		};
/* End PBXGroup section */

/* Begin PBXNativeTarget section */
		98015CAB24AFBC6C00E7772F /* Omicron */ = {
			isa = PBXNativeTarget;
			buildConfigurationList = 98015CD624AFBC6D00E7772F /* Build configuration list for PBXNativeTarget "Omicron" */;
			buildPhases = (
				A2F3B765880E33E43CFD33C8 /* [CP] Check Pods Manifest.lock */,
				98015CA824AFBC6C00E7772F /* Sources */,
				98015CA924AFBC6C00E7772F /* Frameworks */,
				98015CAA24AFBC6C00E7772F /* Resources */,
				ABEC0FEBAE3740566CD721F7 /* [CP] Embed Pods Frameworks */,
			);
			buildRules = (
			);
			dependencies = (
			);
			name = Omicron;
			productName = Omicron;
			productReference = 98015CAC24AFBC6C00E7772F /* Omicron.app */;
			productType = "com.apple.product-type.application";
		};
		98015CC124AFBC6D00E7772F /* OmicronTests */ = {
			isa = PBXNativeTarget;
			buildConfigurationList = 98015CD924AFBC6D00E7772F /* Build configuration list for PBXNativeTarget "OmicronTests" */;
			buildPhases = (
				2B54FBF7A9E17398B4DF10B8 /* [CP] Check Pods Manifest.lock */,
				98015CBE24AFBC6D00E7772F /* Sources */,
				98015CBF24AFBC6D00E7772F /* Frameworks */,
				98015CC024AFBC6D00E7772F /* Resources */,
			);
			buildRules = (
			);
			dependencies = (
				98015CC424AFBC6D00E7772F /* PBXTargetDependency */,
			);
			name = OmicronTests;
			productName = OmicronTests;
			productReference = 98015CC224AFBC6D00E7772F /* OmicronTests.xctest */;
			productType = "com.apple.product-type.bundle.unit-test";
		};
		98015CCC24AFBC6D00E7772F /* OmicronUITests */ = {
			isa = PBXNativeTarget;
			buildConfigurationList = 98015CDC24AFBC6D00E7772F /* Build configuration list for PBXNativeTarget "OmicronUITests" */;
			buildPhases = (
				4617F75599431DD762CB44B4 /* [CP] Check Pods Manifest.lock */,
				98015CC924AFBC6D00E7772F /* Sources */,
				98015CCA24AFBC6D00E7772F /* Frameworks */,
				98015CCB24AFBC6D00E7772F /* Resources */,
				26A800A96BD6B5C35E85F818 /* [CP] Embed Pods Frameworks */,
			);
			buildRules = (
			);
			dependencies = (
				98015CCF24AFBC6D00E7772F /* PBXTargetDependency */,
			);
			name = OmicronUITests;
			productName = OmicronUITests;
			productReference = 98015CCD24AFBC6D00E7772F /* OmicronUITests.xctest */;
			productType = "com.apple.product-type.bundle.ui-testing";
		};
/* End PBXNativeTarget section */

/* Begin PBXProject section */
		98015CA424AFBC6C00E7772F /* Project object */ = {
			isa = PBXProject;
			attributes = {
				LastSwiftUpdateCheck = 1150;
				LastUpgradeCheck = 1150;
				ORGANIZATIONNAME = "Diego Cárcamo";
				TargetAttributes = {
					98015CAB24AFBC6C00E7772F = {
						CreatedOnToolsVersion = 11.5;
					};
					98015CC124AFBC6D00E7772F = {
						CreatedOnToolsVersion = 11.5;
						TestTargetID = 98015CAB24AFBC6C00E7772F;
					};
					98015CCC24AFBC6D00E7772F = {
						CreatedOnToolsVersion = 11.5;
						TestTargetID = 98015CAB24AFBC6C00E7772F;
					};
				};
			};
			buildConfigurationList = 98015CA724AFBC6C00E7772F /* Build configuration list for PBXProject "Omicron" */;
			compatibilityVersion = "Xcode 9.3";
			developmentRegion = en;
			hasScannedForEncodings = 0;
			knownRegions = (
				en,
				Base,
			);
			mainGroup = 98015CA324AFBC6C00E7772F;
			productRefGroup = 98015CAD24AFBC6C00E7772F /* Products */;
			projectDirPath = "";
			projectRoot = "";
			targets = (
				98015CAB24AFBC6C00E7772F /* Omicron */,
				98015CC124AFBC6D00E7772F /* OmicronTests */,
				98015CCC24AFBC6D00E7772F /* OmicronUITests */,
			);
		};
/* End PBXProject section */

/* Begin PBXResourcesBuildPhase section */
		98015CAA24AFBC6C00E7772F /* Resources */ = {
			isa = PBXResourcesBuildPhase;
			buildActionMask = 2147483647;
			files = (
				987BDFE6250A863500D9C6E4 /* getComponents.json in Resources */,
				7C55E5C324D4A4A2008F7AED /* SF-Pro-Display-Medium.otf in Resources */,
				98015CBC24AFBC6D00E7772F /* LaunchScreen.storyboard in Resources */,
				7CBA553D24CF8E9B00918C38 /* CardCollectionViewCell.xib in Resources */,
				7C2401DE24D4970700E2D56C /* SF-Pro-Display-Bold.otf in Resources */,
				98015CB924AFBC6D00E7772F /* Assets.xcassets in Resources */,
				98532B2F24B390A80015BBC6 /* loading.json in Resources */,
				7C980E0624E3245000D58A85 /* UserInfo.json in Resources */,
				7C56BE0224EDE9900039B2E7 /* requestChangeStatusProcess.json in Resources */,
				7C2401DF24D4972D00E2D56C /* SF-Pro-Display-Regular.otf in Resources */,
				7C41E6D524E1B61700B9033F /* orderDetail.json in Resources */,
				7CA3058A24DB0ACF00A7D2B5 /* Status.json in Resources */,
				980F234524DA11AE0073E2C8 /* login.json in Resources */,
				98015CB724AFBC6C00E7772F /* Main.storyboard in Resources */,
				980F234324DA11900073E2C8 /* refresh_token.json in Resources */,
				7C8284A024F46FA30043ACE8 /* getLots.json in Resources */,
			);
			runOnlyForDeploymentPostprocessing = 0;
		};
		98015CC024AFBC6D00E7772F /* Resources */ = {
			isa = PBXResourcesBuildPhase;
			buildActionMask = 2147483647;
			files = (
				7C55E5C424D4A4A2008F7AED /* SF-Pro-Display-Medium.otf in Resources */,
				7C2401E224D4981500E2D56C /* SF-Pro-Display-Regular.otf in Resources */,
				7C2401E024D497F800E2D56C /* SF-Pro-Display-Bold.otf in Resources */,
			);
			runOnlyForDeploymentPostprocessing = 0;
		};
		98015CCB24AFBC6D00E7772F /* Resources */ = {
			isa = PBXResourcesBuildPhase;
			buildActionMask = 2147483647;
			files = (
				7C55E5C524D4A4A3008F7AED /* SF-Pro-Display-Medium.otf in Resources */,
				7C2401E324D4981500E2D56C /* SF-Pro-Display-Regular.otf in Resources */,
				7C2401E124D4980500E2D56C /* SF-Pro-Display-Bold.otf in Resources */,
			);
			runOnlyForDeploymentPostprocessing = 0;
		};
/* End PBXResourcesBuildPhase section */

/* Begin PBXShellScriptBuildPhase section */
		26A800A96BD6B5C35E85F818 /* [CP] Embed Pods Frameworks */ = {
			isa = PBXShellScriptBuildPhase;
			buildActionMask = 2147483647;
			files = (
			);
			inputFileListPaths = (
				"${PODS_ROOT}/Target Support Files/Pods-Omicron-OmicronUITests/Pods-Omicron-OmicronUITests-frameworks-${CONFIGURATION}-input-files.xcfilelist",
			);
			name = "[CP] Embed Pods Frameworks";
			outputFileListPaths = (
				"${PODS_ROOT}/Target Support Files/Pods-Omicron-OmicronUITests/Pods-Omicron-OmicronUITests-frameworks-${CONFIGURATION}-output-files.xcfilelist",
			);
			runOnlyForDeploymentPostprocessing = 0;
			shellPath = /bin/sh;
			shellScript = "\"${PODS_ROOT}/Target Support Files/Pods-Omicron-OmicronUITests/Pods-Omicron-OmicronUITests-frameworks.sh\"\n";
			showEnvVarsInLog = 0;
		};
		2B54FBF7A9E17398B4DF10B8 /* [CP] Check Pods Manifest.lock */ = {
			isa = PBXShellScriptBuildPhase;
			buildActionMask = 2147483647;
			files = (
			);
			inputFileListPaths = (
			);
			inputPaths = (
				"${PODS_PODFILE_DIR_PATH}/Podfile.lock",
				"${PODS_ROOT}/Manifest.lock",
			);
			name = "[CP] Check Pods Manifest.lock";
			outputFileListPaths = (
			);
			outputPaths = (
				"$(DERIVED_FILE_DIR)/Pods-OmicronTests-checkManifestLockResult.txt",
			);
			runOnlyForDeploymentPostprocessing = 0;
			shellPath = /bin/sh;
			shellScript = "diff \"${PODS_PODFILE_DIR_PATH}/Podfile.lock\" \"${PODS_ROOT}/Manifest.lock\" > /dev/null\nif [ $? != 0 ] ; then\n    # print error to STDERR\n    echo \"error: The sandbox is not in sync with the Podfile.lock. Run 'pod install' or update your CocoaPods installation.\" >&2\n    exit 1\nfi\n# This output is used by Xcode 'outputs' to avoid re-running this script phase.\necho \"SUCCESS\" > \"${SCRIPT_OUTPUT_FILE_0}\"\n";
			showEnvVarsInLog = 0;
		};
		4617F75599431DD762CB44B4 /* [CP] Check Pods Manifest.lock */ = {
			isa = PBXShellScriptBuildPhase;
			buildActionMask = 2147483647;
			files = (
			);
			inputFileListPaths = (
			);
			inputPaths = (
				"${PODS_PODFILE_DIR_PATH}/Podfile.lock",
				"${PODS_ROOT}/Manifest.lock",
			);
			name = "[CP] Check Pods Manifest.lock";
			outputFileListPaths = (
			);
			outputPaths = (
				"$(DERIVED_FILE_DIR)/Pods-Omicron-OmicronUITests-checkManifestLockResult.txt",
			);
			runOnlyForDeploymentPostprocessing = 0;
			shellPath = /bin/sh;
			shellScript = "diff \"${PODS_PODFILE_DIR_PATH}/Podfile.lock\" \"${PODS_ROOT}/Manifest.lock\" > /dev/null\nif [ $? != 0 ] ; then\n    # print error to STDERR\n    echo \"error: The sandbox is not in sync with the Podfile.lock. Run 'pod install' or update your CocoaPods installation.\" >&2\n    exit 1\nfi\n# This output is used by Xcode 'outputs' to avoid re-running this script phase.\necho \"SUCCESS\" > \"${SCRIPT_OUTPUT_FILE_0}\"\n";
			showEnvVarsInLog = 0;
		};
		A2F3B765880E33E43CFD33C8 /* [CP] Check Pods Manifest.lock */ = {
			isa = PBXShellScriptBuildPhase;
			buildActionMask = 2147483647;
			files = (
			);
			inputFileListPaths = (
			);
			inputPaths = (
				"${PODS_PODFILE_DIR_PATH}/Podfile.lock",
				"${PODS_ROOT}/Manifest.lock",
			);
			name = "[CP] Check Pods Manifest.lock";
			outputFileListPaths = (
			);
			outputPaths = (
				"$(DERIVED_FILE_DIR)/Pods-Omicron-checkManifestLockResult.txt",
			);
			runOnlyForDeploymentPostprocessing = 0;
			shellPath = /bin/sh;
			shellScript = "diff \"${PODS_PODFILE_DIR_PATH}/Podfile.lock\" \"${PODS_ROOT}/Manifest.lock\" > /dev/null\nif [ $? != 0 ] ; then\n    # print error to STDERR\n    echo \"error: The sandbox is not in sync with the Podfile.lock. Run 'pod install' or update your CocoaPods installation.\" >&2\n    exit 1\nfi\n# This output is used by Xcode 'outputs' to avoid re-running this script phase.\necho \"SUCCESS\" > \"${SCRIPT_OUTPUT_FILE_0}\"\n";
			showEnvVarsInLog = 0;
		};
		ABEC0FEBAE3740566CD721F7 /* [CP] Embed Pods Frameworks */ = {
			isa = PBXShellScriptBuildPhase;
			buildActionMask = 2147483647;
			files = (
			);
			inputFileListPaths = (
				"${PODS_ROOT}/Target Support Files/Pods-Omicron/Pods-Omicron-frameworks-${CONFIGURATION}-input-files.xcfilelist",
			);
			name = "[CP] Embed Pods Frameworks";
			outputFileListPaths = (
				"${PODS_ROOT}/Target Support Files/Pods-Omicron/Pods-Omicron-frameworks-${CONFIGURATION}-output-files.xcfilelist",
			);
			runOnlyForDeploymentPostprocessing = 0;
			shellPath = /bin/sh;
			shellScript = "\"${PODS_ROOT}/Target Support Files/Pods-Omicron/Pods-Omicron-frameworks.sh\"\n";
			showEnvVarsInLog = 0;
		};
/* End PBXShellScriptBuildPhase section */

/* Begin PBXSourcesBuildPhase section */
		98015CA824AFBC6C00E7772F /* Sources */ = {
			isa = PBXSourcesBuildPhase;
			buildActionMask = 2147483647;
			files = (
				7C9118FD24EF1CD900E2571A /* LotsViewModel.swift in Sources */,
				7C5C6DA124E8F46C00662508 /* OrderDetailFormViewController.swift in Sources */,
				7CB218DA24E79E870015951C /* CommentsViewModel.swift in Sources */,
				7CB6332224DDCBAE0055425C /* OrderDetailViewController.swift in Sources */,
				98C8C04024AFCE3500018A88 /* NetworkManager.swift in Sources */,
				7CB6736024E1D51D0072F2F6 /* DetailTableViewCell.swift in Sources */,
				7CB6332824DDEE3F0055425C /* Utils.swift in Sources */,
				7CCC6A4824F880E200ACBBE8 /* FileManager.swift in Sources */,
				7CF2EA3A24F6C6500005602F /* SignaturePadViewModel.swift in Sources */,
				7C844BAC24D2839400D26B96 /* RootViewModel.swift in Sources */,
				98C8C03524AFBD5900018A88 /* LoginModel.swift in Sources */,
				98C8C03324AFBD4C00018A88 /* LoginViewController.swift in Sources */,
				98C8C03924AFCBE300018A88 /* ApiService.swift in Sources */,
				989391D9250AE174004750D8 /* ComponentFormViewController.swift in Sources */,
				98015CB024AFBC6C00E7772F /* AppDelegate.swift in Sources */,
				7CED3DA324DC0FBA00C52225 /* AlertManager.swift in Sources */,
				98532B3224B3933C0015BBC6 /* LottieManager.swift in Sources */,
				7CE216D424CB9576005A7FED /* InboxViewModel.swift in Sources */,
				7CB6332424DDCBC90055425C /* OrderDetailViewModel.swift in Sources */,
				7C0017AC24EFA8570025B17D /* LotsSelectedTableViewCell.swift in Sources */,
				987BDFE22509869F00D9C6E4 /* ComponentsViewModel.swift in Sources */,
				7C9118FB24EF1C8B00E2571A /* LotsViewController.swift in Sources */,
				986EA24725083BF200ACE26A /* ExtensionsUI.swift in Sources */,
				7C844BB224D3BA5800D26B96 /* SplitViewController.swift in Sources */,
				987BDFE4250986A700D9C6E4 /* ComponentsModel.swift in Sources */,
				7CF2EA3C24F6C66B0005602F /* SignaturePadModel.swift in Sources */,
				98C8C03C24AFCC7B00018A88 /* Constants.swift in Sources */,
				987BDFE02509869200D9C6E4 /* ComponentsViewController.swift in Sources */,
				7CB6332624DDCBE70055425C /* OrderDetailModel.swift in Sources */,
				7C844BA524D0C3BB00D26B96 /* CardViewModel.swift in Sources */,
				7C5C6DA524E8F49900662508 /* OrderDetailFormModel.swift in Sources */,
				7C5C6DA324E8F48500662508 /* OrderDetailFormViewModel.swift in Sources */,
				98B7845A24DA228A005A38FC /* Persistence.swift in Sources */,
				7CF2EA3824F6C6330005602F /* SignaturePadViewController.swift in Sources */,
				7C844BAA24D27E5800D26B96 /* RootViewController.swift in Sources */,
				7C3A55CC24E76E0C001B627E /* CommentsViewController.swift in Sources */,
				7CE216D224CB9553005A7FED /* InboxViewController.swift in Sources */,
				98C8C03E24AFCC9200018A88 /* Config.swift in Sources */,
				7C844BB024D2A0FC00D26B96 /* RootModel.swift in Sources */,
				7CE216D624CB9588005A7FED /* InboxModel.swift in Sources */,
				98015CB224AFBC6C00E7772F /* SceneDelegate.swift in Sources */,
				7C0017AA24EFA8410025B17D /* LotsAvailableTableViewCell.swift in Sources */,
				98C8C04224AFD2A600018A88 /* NetworkModel.swift in Sources */,
				7C9118FF24EF1CF200E2571A /* LotsModel.swift in Sources */,
				7C0017A824EF4D300025B17D /* LotsTableViewCell.swift in Sources */,
				98C8C03124AFBD4100018A88 /* LoginViewModel.swift in Sources */,
				7CB218DC24E79EC00015951C /* CommentsModel.swift in Sources */,
				7CBA553C24CF8E9B00918C38 /* CardCollectionViewCell.swift in Sources */,
				7C844BAE24D28B4F00D26B96 /* RootTableViewCell.swift in Sources */,
			);
			runOnlyForDeploymentPostprocessing = 0;
		};
		98015CBE24AFBC6D00E7772F /* Sources */ = {
			isa = PBXSourcesBuildPhase;
			buildActionMask = 2147483647;
			files = (
				7C75C32E24DC6B4900CBA3C3 /* InboxTest.swift in Sources */,
				98015CC724AFBC6D00E7772F /* LoginTest.swift in Sources */,
				7C56BDFC24EDD6720039B2E7 /* UtilsTest.swift in Sources */,
				7C75C33024DC77C800CBA3C3 /* RootView.swift in Sources */,
				7C56BDFA24EDCF6D0039B2E7 /* OrderDetailTest.swift in Sources */,
			);
			runOnlyForDeploymentPostprocessing = 0;
		};
		98015CC924AFBC6D00E7772F /* Sources */ = {
			isa = PBXSourcesBuildPhase;
			buildActionMask = 2147483647;
			files = (
				98015CD224AFBC6D00E7772F /* OmicronUITests.swift in Sources */,
			);
			runOnlyForDeploymentPostprocessing = 0;
		};
/* End PBXSourcesBuildPhase section */

/* Begin PBXTargetDependency section */
		98015CC424AFBC6D00E7772F /* PBXTargetDependency */ = {
			isa = PBXTargetDependency;
			target = 98015CAB24AFBC6C00E7772F /* Omicron */;
			targetProxy = 98015CC324AFBC6D00E7772F /* PBXContainerItemProxy */;
		};
		98015CCF24AFBC6D00E7772F /* PBXTargetDependency */ = {
			isa = PBXTargetDependency;
			target = 98015CAB24AFBC6C00E7772F /* Omicron */;
			targetProxy = 98015CCE24AFBC6D00E7772F /* PBXContainerItemProxy */;
		};
/* End PBXTargetDependency section */

/* Begin PBXVariantGroup section */
		98015CB524AFBC6C00E7772F /* Main.storyboard */ = {
			isa = PBXVariantGroup;
			children = (
				98015CB624AFBC6C00E7772F /* Base */,
			);
			name = Main.storyboard;
			sourceTree = "<group>";
		};
		98015CBA24AFBC6D00E7772F /* LaunchScreen.storyboard */ = {
			isa = PBXVariantGroup;
			children = (
				98015CBB24AFBC6D00E7772F /* Base */,
			);
			name = LaunchScreen.storyboard;
			sourceTree = "<group>";
		};
/* End PBXVariantGroup section */

/* Begin XCBuildConfiguration section */
		98015CD424AFBC6D00E7772F /* Debug */ = {
			isa = XCBuildConfiguration;
			buildSettings = {
				ALWAYS_SEARCH_USER_PATHS = NO;
				CLANG_ANALYZER_NONNULL = YES;
				CLANG_ANALYZER_NUMBER_OBJECT_CONVERSION = YES_AGGRESSIVE;
				CLANG_CXX_LANGUAGE_STANDARD = "gnu++14";
				CLANG_CXX_LIBRARY = "libc++";
				CLANG_ENABLE_MODULES = YES;
				CLANG_ENABLE_OBJC_ARC = YES;
				CLANG_ENABLE_OBJC_WEAK = YES;
				CLANG_WARN_BLOCK_CAPTURE_AUTORELEASING = YES;
				CLANG_WARN_BOOL_CONVERSION = YES;
				CLANG_WARN_COMMA = YES;
				CLANG_WARN_CONSTANT_CONVERSION = YES;
				CLANG_WARN_DEPRECATED_OBJC_IMPLEMENTATIONS = YES;
				CLANG_WARN_DIRECT_OBJC_ISA_USAGE = YES_ERROR;
				CLANG_WARN_DOCUMENTATION_COMMENTS = YES;
				CLANG_WARN_EMPTY_BODY = YES;
				CLANG_WARN_ENUM_CONVERSION = YES;
				CLANG_WARN_INFINITE_RECURSION = YES;
				CLANG_WARN_INT_CONVERSION = YES;
				CLANG_WARN_NON_LITERAL_NULL_CONVERSION = YES;
				CLANG_WARN_OBJC_IMPLICIT_RETAIN_SELF = YES;
				CLANG_WARN_OBJC_LITERAL_CONVERSION = YES;
				CLANG_WARN_OBJC_ROOT_CLASS = YES_ERROR;
				CLANG_WARN_RANGE_LOOP_ANALYSIS = YES;
				CLANG_WARN_STRICT_PROTOTYPES = YES;
				CLANG_WARN_SUSPICIOUS_MOVE = YES;
				CLANG_WARN_UNGUARDED_AVAILABILITY = YES_AGGRESSIVE;
				CLANG_WARN_UNREACHABLE_CODE = YES;
				CLANG_WARN__DUPLICATE_METHOD_MATCH = YES;
				COPY_PHASE_STRIP = NO;
				DEBUG_INFORMATION_FORMAT = dwarf;
				ENABLE_STRICT_OBJC_MSGSEND = YES;
				ENABLE_TESTABILITY = YES;
				GCC_C_LANGUAGE_STANDARD = gnu11;
				GCC_DYNAMIC_NO_PIC = NO;
				GCC_NO_COMMON_BLOCKS = YES;
				GCC_OPTIMIZATION_LEVEL = 0;
				GCC_PREPROCESSOR_DEFINITIONS = (
					"DEBUG=1",
					"$(inherited)",
				);
				GCC_WARN_64_TO_32_BIT_CONVERSION = YES;
				GCC_WARN_ABOUT_RETURN_TYPE = YES_ERROR;
				GCC_WARN_UNDECLARED_SELECTOR = YES;
				GCC_WARN_UNINITIALIZED_AUTOS = YES_AGGRESSIVE;
				GCC_WARN_UNUSED_FUNCTION = YES;
				GCC_WARN_UNUSED_VARIABLE = YES;
				IPHONEOS_DEPLOYMENT_TARGET = 13.5;
				MTL_ENABLE_DEBUG_INFO = INCLUDE_SOURCE;
				MTL_FAST_MATH = YES;
				ONLY_ACTIVE_ARCH = YES;
				SDKROOT = iphoneos;
				SWIFT_ACTIVE_COMPILATION_CONDITIONS = DEBUG;
				SWIFT_OPTIMIZATION_LEVEL = "-Onone";
			};
			name = Debug;
		};
		98015CD524AFBC6D00E7772F /* Release */ = {
			isa = XCBuildConfiguration;
			buildSettings = {
				ALWAYS_SEARCH_USER_PATHS = NO;
				CLANG_ANALYZER_NONNULL = YES;
				CLANG_ANALYZER_NUMBER_OBJECT_CONVERSION = YES_AGGRESSIVE;
				CLANG_CXX_LANGUAGE_STANDARD = "gnu++14";
				CLANG_CXX_LIBRARY = "libc++";
				CLANG_ENABLE_MODULES = YES;
				CLANG_ENABLE_OBJC_ARC = YES;
				CLANG_ENABLE_OBJC_WEAK = YES;
				CLANG_WARN_BLOCK_CAPTURE_AUTORELEASING = YES;
				CLANG_WARN_BOOL_CONVERSION = YES;
				CLANG_WARN_COMMA = YES;
				CLANG_WARN_CONSTANT_CONVERSION = YES;
				CLANG_WARN_DEPRECATED_OBJC_IMPLEMENTATIONS = YES;
				CLANG_WARN_DIRECT_OBJC_ISA_USAGE = YES_ERROR;
				CLANG_WARN_DOCUMENTATION_COMMENTS = YES;
				CLANG_WARN_EMPTY_BODY = YES;
				CLANG_WARN_ENUM_CONVERSION = YES;
				CLANG_WARN_INFINITE_RECURSION = YES;
				CLANG_WARN_INT_CONVERSION = YES;
				CLANG_WARN_NON_LITERAL_NULL_CONVERSION = YES;
				CLANG_WARN_OBJC_IMPLICIT_RETAIN_SELF = YES;
				CLANG_WARN_OBJC_LITERAL_CONVERSION = YES;
				CLANG_WARN_OBJC_ROOT_CLASS = YES_ERROR;
				CLANG_WARN_RANGE_LOOP_ANALYSIS = YES;
				CLANG_WARN_STRICT_PROTOTYPES = YES;
				CLANG_WARN_SUSPICIOUS_MOVE = YES;
				CLANG_WARN_UNGUARDED_AVAILABILITY = YES_AGGRESSIVE;
				CLANG_WARN_UNREACHABLE_CODE = YES;
				CLANG_WARN__DUPLICATE_METHOD_MATCH = YES;
				COPY_PHASE_STRIP = NO;
				DEBUG_INFORMATION_FORMAT = "dwarf-with-dsym";
				ENABLE_NS_ASSERTIONS = NO;
				ENABLE_STRICT_OBJC_MSGSEND = YES;
				GCC_C_LANGUAGE_STANDARD = gnu11;
				GCC_NO_COMMON_BLOCKS = YES;
				GCC_WARN_64_TO_32_BIT_CONVERSION = YES;
				GCC_WARN_ABOUT_RETURN_TYPE = YES_ERROR;
				GCC_WARN_UNDECLARED_SELECTOR = YES;
				GCC_WARN_UNINITIALIZED_AUTOS = YES_AGGRESSIVE;
				GCC_WARN_UNUSED_FUNCTION = YES;
				GCC_WARN_UNUSED_VARIABLE = YES;
				IPHONEOS_DEPLOYMENT_TARGET = 13.5;
				MTL_ENABLE_DEBUG_INFO = NO;
				MTL_FAST_MATH = YES;
				SDKROOT = iphoneos;
				SWIFT_COMPILATION_MODE = wholemodule;
				SWIFT_OPTIMIZATION_LEVEL = "-O";
				VALIDATE_PRODUCT = YES;
			};
			name = Release;
		};
		98015CD724AFBC6D00E7772F /* Debug */ = {
			isa = XCBuildConfiguration;
			baseConfigurationReference = DDD0E5DA09C7E1BCDA531700 /* Pods-Omicron.debug.xcconfig */;
			buildSettings = {
				ASSETCATALOG_COMPILER_APPICON_NAME = AppIcon;
				CODE_SIGN_IDENTITY = "Apple Development";
				CODE_SIGN_STYLE = Automatic;
				CURRENT_PROJECT_VERSION = 18;
				DEVELOPMENT_TEAM = NFYY63TQQ2;
				INFOPLIST_FILE = Omicron/Info.plist;
				LD_RUNPATH_SEARCH_PATHS = (
					"$(inherited)",
					"@executable_path/Frameworks",
				);
				PRODUCT_BUNDLE_IDENTIFIER = com.axity.Omicron;
				PRODUCT_NAME = "$(TARGET_NAME)";
				PROVISIONING_PROFILE_SPECIFIER = "";
				SWIFT_VERSION = 5.0;
				TARGETED_DEVICE_FAMILY = 2;
			};
			name = Debug;
		};
		98015CD824AFBC6D00E7772F /* Release */ = {
			isa = XCBuildConfiguration;
			baseConfigurationReference = 2CB66FAA4E49873A00418BE5 /* Pods-Omicron.release.xcconfig */;
			buildSettings = {
				ASSETCATALOG_COMPILER_APPICON_NAME = AppIcon;
				CODE_SIGN_IDENTITY = "Apple Development";
				CODE_SIGN_STYLE = Automatic;
				CURRENT_PROJECT_VERSION = 18;
				DEVELOPMENT_TEAM = NFYY63TQQ2;
				INFOPLIST_FILE = Omicron/Info.plist;
				LD_RUNPATH_SEARCH_PATHS = (
					"$(inherited)",
					"@executable_path/Frameworks",
				);
				PRODUCT_BUNDLE_IDENTIFIER = com.axity.Omicron;
				PRODUCT_NAME = "$(TARGET_NAME)";
				PROVISIONING_PROFILE_SPECIFIER = "";
				SWIFT_ACTIVE_COMPILATION_CONDITIONS = RELEASE;
				SWIFT_VERSION = 5.0;
				TARGETED_DEVICE_FAMILY = 2;
			};
			name = Release;
		};
		98015CDA24AFBC6D00E7772F /* Debug */ = {
			isa = XCBuildConfiguration;
			baseConfigurationReference = 1321C32813E9F154A27FD4BA /* Pods-OmicronTests.debug.xcconfig */;
			buildSettings = {
				ALWAYS_EMBED_SWIFT_STANDARD_LIBRARIES = YES;
				BUNDLE_LOADER = "$(TEST_HOST)";
				CODE_SIGN_STYLE = Automatic;
				DEVELOPMENT_TEAM = NFYY63TQQ2;
				INFOPLIST_FILE = OmicronTests/Info.plist;
				IPHONEOS_DEPLOYMENT_TARGET = 13.5;
				LD_RUNPATH_SEARCH_PATHS = (
					"$(inherited)",
					"@executable_path/Frameworks",
					"@loader_path/Frameworks",
				);
				PRODUCT_BUNDLE_IDENTIFIER = com.axity.OmicronTests;
				PRODUCT_NAME = "$(TARGET_NAME)";
				SWIFT_VERSION = 5.0;
				TARGETED_DEVICE_FAMILY = "1,2";
				TEST_HOST = "$(BUILT_PRODUCTS_DIR)/Omicron.app/Omicron";
			};
			name = Debug;
		};
		98015CDB24AFBC6D00E7772F /* Release */ = {
			isa = XCBuildConfiguration;
			baseConfigurationReference = E9A40823AC4FB25AE1D8601D /* Pods-OmicronTests.release.xcconfig */;
			buildSettings = {
				ALWAYS_EMBED_SWIFT_STANDARD_LIBRARIES = YES;
				BUNDLE_LOADER = "$(TEST_HOST)";
				CODE_SIGN_STYLE = Automatic;
				DEVELOPMENT_TEAM = NFYY63TQQ2;
				INFOPLIST_FILE = OmicronTests/Info.plist;
				IPHONEOS_DEPLOYMENT_TARGET = 13.5;
				LD_RUNPATH_SEARCH_PATHS = (
					"$(inherited)",
					"@executable_path/Frameworks",
					"@loader_path/Frameworks",
				);
				PRODUCT_BUNDLE_IDENTIFIER = com.axity.OmicronTests;
				PRODUCT_NAME = "$(TARGET_NAME)";
				SWIFT_VERSION = 5.0;
				TARGETED_DEVICE_FAMILY = "1,2";
				TEST_HOST = "$(BUILT_PRODUCTS_DIR)/Omicron.app/Omicron";
			};
			name = Release;
		};
		98015CDD24AFBC6D00E7772F /* Debug */ = {
			isa = XCBuildConfiguration;
			baseConfigurationReference = 35E12FEA2097927FED334FB3 /* Pods-Omicron-OmicronUITests.debug.xcconfig */;
			buildSettings = {
				ALWAYS_EMBED_SWIFT_STANDARD_LIBRARIES = YES;
				CODE_SIGN_STYLE = Automatic;
				DEVELOPMENT_TEAM = NFYY63TQQ2;
				INFOPLIST_FILE = OmicronUITests/Info.plist;
				LD_RUNPATH_SEARCH_PATHS = (
					"$(inherited)",
					"@executable_path/Frameworks",
					"@loader_path/Frameworks",
				);
				PRODUCT_BUNDLE_IDENTIFIER = com.axity.OmicronUITests;
				PRODUCT_NAME = "$(TARGET_NAME)";
				SWIFT_VERSION = 5.0;
				TARGETED_DEVICE_FAMILY = "1,2";
				TEST_TARGET_NAME = Omicron;
			};
			name = Debug;
		};
		98015CDE24AFBC6D00E7772F /* Release */ = {
			isa = XCBuildConfiguration;
			baseConfigurationReference = 53B53CFD0BD61DA9AE76207F /* Pods-Omicron-OmicronUITests.release.xcconfig */;
			buildSettings = {
				ALWAYS_EMBED_SWIFT_STANDARD_LIBRARIES = YES;
				CODE_SIGN_STYLE = Automatic;
				DEVELOPMENT_TEAM = NFYY63TQQ2;
				INFOPLIST_FILE = OmicronUITests/Info.plist;
				LD_RUNPATH_SEARCH_PATHS = (
					"$(inherited)",
					"@executable_path/Frameworks",
					"@loader_path/Frameworks",
				);
				PRODUCT_BUNDLE_IDENTIFIER = com.axity.OmicronUITests;
				PRODUCT_NAME = "$(TARGET_NAME)";
				SWIFT_VERSION = 5.0;
				TARGETED_DEVICE_FAMILY = "1,2";
				TEST_TARGET_NAME = Omicron;
			};
			name = Release;
		};
/* End XCBuildConfiguration section */

/* Begin XCConfigurationList section */
		98015CA724AFBC6C00E7772F /* Build configuration list for PBXProject "Omicron" */ = {
			isa = XCConfigurationList;
			buildConfigurations = (
				98015CD424AFBC6D00E7772F /* Debug */,
				98015CD524AFBC6D00E7772F /* Release */,
			);
			defaultConfigurationIsVisible = 0;
			defaultConfigurationName = Release;
		};
		98015CD624AFBC6D00E7772F /* Build configuration list for PBXNativeTarget "Omicron" */ = {
			isa = XCConfigurationList;
			buildConfigurations = (
				98015CD724AFBC6D00E7772F /* Debug */,
				98015CD824AFBC6D00E7772F /* Release */,
			);
			defaultConfigurationIsVisible = 0;
			defaultConfigurationName = Release;
		};
		98015CD924AFBC6D00E7772F /* Build configuration list for PBXNativeTarget "OmicronTests" */ = {
			isa = XCConfigurationList;
			buildConfigurations = (
				98015CDA24AFBC6D00E7772F /* Debug */,
				98015CDB24AFBC6D00E7772F /* Release */,
			);
			defaultConfigurationIsVisible = 0;
			defaultConfigurationName = Release;
		};
		98015CDC24AFBC6D00E7772F /* Build configuration list for PBXNativeTarget "OmicronUITests" */ = {
			isa = XCConfigurationList;
			buildConfigurations = (
				98015CDD24AFBC6D00E7772F /* Debug */,
				98015CDE24AFBC6D00E7772F /* Release */,
			);
			defaultConfigurationIsVisible = 0;
			defaultConfigurationName = Release;
		};
/* End XCConfigurationList section */
	};
	rootObject = 98015CA424AFBC6C00E7772F /* Project object */;
}
