
Microsoft Visual Studio Solution File, Format Version 12.00
# Visual Studio Version 16
VisualStudioVersion = 16.0.30517.126
MinimumVisualStudioVersion = 10.0.40219.1
Project("{FAE04EC0-301F-11D3-BF4B-00C04F79EFBC}") = "Omicron.KafkaConsumer.Consoles", "Omicron.KafkaConsumer.Consoles\Omicron.KafkaConsumer.Consoles.csproj", "{BA1945A1-0AEB-43B0-8945-98AEAC215122}"
EndProject
Project("{FAE04EC0-301F-11D3-BF4B-00C04F79EFBC}") = "Omicron.KafkaConsumer.Entities", "..\Omicron.KafkaConsumer.Entities\Omicron.KafkaConsumer.Entities.csproj", "{57E8A2E5-28FA-40B4-823E-CC44C0BABCAC}"
EndProject
Project("{FAE04EC0-301F-11D3-BF4B-00C04F79EFBC}") = "Omicron.KafkaConsumer.Service", "..\Omicron.KafkaConsumer.Service\Omicron.KafkaConsumer.Service.csproj", "{D24D25B9-9197-47B4-9BED-A9211A3E8A42}"
EndProject
Global
	GlobalSection(SolutionConfigurationPlatforms) = preSolution
		Debug|Any CPU = Debug|Any CPU
		Release|Any CPU = Release|Any CPU
	EndGlobalSection
	GlobalSection(ProjectConfigurationPlatforms) = postSolution
		{BA1945A1-0AEB-43B0-8945-98AEAC215122}.Debug|Any CPU.ActiveCfg = Debug|Any CPU
		{BA1945A1-0AEB-43B0-8945-98AEAC215122}.Debug|Any CPU.Build.0 = Debug|Any CPU
		{BA1945A1-0AEB-43B0-8945-98AEAC215122}.Release|Any CPU.ActiveCfg = Release|Any CPU
		{BA1945A1-0AEB-43B0-8945-98AEAC215122}.Release|Any CPU.Build.0 = Release|Any CPU
		{57E8A2E5-28FA-40B4-823E-CC44C0BABCAC}.Debug|Any CPU.ActiveCfg = Debug|Any CPU
		{57E8A2E5-28FA-40B4-823E-CC44C0BABCAC}.Debug|Any CPU.Build.0 = Debug|Any CPU
		{57E8A2E5-28FA-40B4-823E-CC44C0BABCAC}.Release|Any CPU.ActiveCfg = Release|Any CPU
		{57E8A2E5-28FA-40B4-823E-CC44C0BABCAC}.Release|Any CPU.Build.0 = Release|Any CPU
		{D24D25B9-9197-47B4-9BED-A9211A3E8A42}.Debug|Any CPU.ActiveCfg = Debug|Any CPU
		{D24D25B9-9197-47B4-9BED-A9211A3E8A42}.Debug|Any CPU.Build.0 = Debug|Any CPU
		{D24D25B9-9197-47B4-9BED-A9211A3E8A42}.Release|Any CPU.ActiveCfg = Release|Any CPU
		{D24D25B9-9197-47B4-9BED-A9211A3E8A42}.Release|Any CPU.Build.0 = Release|Any CPU
	EndGlobalSection
	GlobalSection(SolutionProperties) = preSolution
		HideSolutionNode = FALSE
	EndGlobalSection
	GlobalSection(ExtensibilityGlobals) = postSolution
		SolutionGuid = {77D69E4A-1AEA-4358-8370-E9F278A9315E}
	EndGlobalSection
EndGlobal
