
Microsoft Visual Studio Solution File, Format Version 12.00
# Visual Studio Version 16
VisualStudioVersion = 16.0.29424.173
MinimumVisualStudioVersion = 10.0.40219.1
Project("{FAE04EC0-301F-11D3-BF4B-00C04F79EFBC}") = "Omicron.SapDiApi.Api", "Omicron.SapDiApi.Api.csproj", "{BD52D0DB-5356-45D0-9BF4-5AB19EDF0000}"
EndProject
Project("{FAE04EC0-301F-11D3-BF4B-00C04F79EFBC}") = "Omicron.SapDiApi.Dtos", "..\Omicron.SapDiApi.Dtos\Omicron.SapDiApi.Dtos.csproj", "{AD801D9F-8876-41A5-985E-4399BEDE9C2B}"
EndProject
Project("{FAE04EC0-301F-11D3-BF4B-00C04F79EFBC}") = "Omicron.SapDiApi.Entities", "..\Omicron.SapDiApi.Entities\Omicron.SapDiApi.Entities.csproj", "{A4ADDCCE-875F-447C-A17C-EA29EAFB2292}"
EndProject
Project("{FAE04EC0-301F-11D3-BF4B-00C04F79EFBC}") = "Omicron.SapDiApi.Facade", "..\Omicron.SapDiApi.Facade\Omicron.SapDiApi.Facade.csproj", "{2040D1C8-44C8-4E35-A3ED-D75D29C2199B}"
EndProject
Project("{FAE04EC0-301F-11D3-BF4B-00C04F79EFBC}") = "Omicron.SapDiApi.Services", "..\Omicron.SapDiApi.Services\Omicron.SapDiApi.Services.csproj", "{97501706-423E-4D3D-B1EA-93EEA2A6F4AD}"
EndProject
Project("{FAE04EC0-301F-11D3-BF4B-00C04F79EFBC}") = "Omicron.SapDiApi.Test", "..\Omicron.SapDiApi.Test\Omicron.SapDiApi.Test.csproj", "{3CC00424-3B60-46BA-BD3F-7150269CA0C5}"
EndProject
Project("{2150E333-8FDC-42A3-9474-1A3956D46DE8}") = "StyleCop", "StyleCop", "{2E31B4E1-89F2-4EB4-BBED-7A5AE99860F4}"
	ProjectSection(SolutionItems) = preProject
		..\StyleCop\stylecop.json = ..\StyleCop\stylecop.json
		..\StyleCop\StyleCopeRules.ruleset = ..\StyleCop\StyleCopeRules.ruleset
	EndProjectSection
EndProject
Global
	GlobalSection(SolutionConfigurationPlatforms) = preSolution
		Debug|Any CPU = Debug|Any CPU
		Release|Any CPU = Release|Any CPU
	EndGlobalSection
	GlobalSection(ProjectConfigurationPlatforms) = postSolution
		{BD52D0DB-5356-45D0-9BF4-5AB19EDF0000}.Debug|Any CPU.ActiveCfg = Debug|Any CPU
		{BD52D0DB-5356-45D0-9BF4-5AB19EDF0000}.Debug|Any CPU.Build.0 = Debug|Any CPU
		{BD52D0DB-5356-45D0-9BF4-5AB19EDF0000}.Release|Any CPU.ActiveCfg = Release|Any CPU
		{BD52D0DB-5356-45D0-9BF4-5AB19EDF0000}.Release|Any CPU.Build.0 = Release|Any CPU
		{AD801D9F-8876-41A5-985E-4399BEDE9C2B}.Debug|Any CPU.ActiveCfg = Debug|Any CPU
		{AD801D9F-8876-41A5-985E-4399BEDE9C2B}.Debug|Any CPU.Build.0 = Debug|Any CPU
		{AD801D9F-8876-41A5-985E-4399BEDE9C2B}.Release|Any CPU.ActiveCfg = Release|Any CPU
		{AD801D9F-8876-41A5-985E-4399BEDE9C2B}.Release|Any CPU.Build.0 = Release|Any CPU
		{A4ADDCCE-875F-447C-A17C-EA29EAFB2292}.Debug|Any CPU.ActiveCfg = Debug|Any CPU
		{A4ADDCCE-875F-447C-A17C-EA29EAFB2292}.Debug|Any CPU.Build.0 = Debug|Any CPU
		{A4ADDCCE-875F-447C-A17C-EA29EAFB2292}.Release|Any CPU.ActiveCfg = Release|Any CPU
		{A4ADDCCE-875F-447C-A17C-EA29EAFB2292}.Release|Any CPU.Build.0 = Release|Any CPU
		{2040D1C8-44C8-4E35-A3ED-D75D29C2199B}.Debug|Any CPU.ActiveCfg = Debug|Any CPU
		{2040D1C8-44C8-4E35-A3ED-D75D29C2199B}.Debug|Any CPU.Build.0 = Debug|Any CPU
		{2040D1C8-44C8-4E35-A3ED-D75D29C2199B}.Release|Any CPU.ActiveCfg = Release|Any CPU
		{2040D1C8-44C8-4E35-A3ED-D75D29C2199B}.Release|Any CPU.Build.0 = Release|Any CPU
		{97501706-423E-4D3D-B1EA-93EEA2A6F4AD}.Debug|Any CPU.ActiveCfg = Debug|Any CPU
		{97501706-423E-4D3D-B1EA-93EEA2A6F4AD}.Debug|Any CPU.Build.0 = Debug|Any CPU
		{97501706-423E-4D3D-B1EA-93EEA2A6F4AD}.Release|Any CPU.ActiveCfg = Release|Any CPU
		{97501706-423E-4D3D-B1EA-93EEA2A6F4AD}.Release|Any CPU.Build.0 = Release|Any CPU
		{3CC00424-3B60-46BA-BD3F-7150269CA0C5}.Debug|Any CPU.ActiveCfg = Debug|Any CPU
		{3CC00424-3B60-46BA-BD3F-7150269CA0C5}.Debug|Any CPU.Build.0 = Debug|Any CPU
		{3CC00424-3B60-46BA-BD3F-7150269CA0C5}.Release|Any CPU.ActiveCfg = Release|Any CPU
		{3CC00424-3B60-46BA-BD3F-7150269CA0C5}.Release|Any CPU.Build.0 = Release|Any CPU
	EndGlobalSection
	GlobalSection(SolutionProperties) = preSolution
		HideSolutionNode = FALSE
	EndGlobalSection
	GlobalSection(ExtensibilityGlobals) = postSolution
		SolutionGuid = {966B45A7-814D-49C4-95E6-00C97A7D9616}
	EndGlobalSection
EndGlobal
